
Microsoft Visual Studio Solution File, Format Version 12.00
# Visual Studio Version 16
VisualStudioVersion = 16.0.33529.622
MinimumVisualStudioVersion = 10.0.40219.1
Project("{FAE04EC0-301F-11D3-BF4B-00C04F79EFBC}") = "EncuestasCMD", "EncuestasFormCMD\EncuestasCMD.csproj", "{C34AC50C-A46F-4559-8A80-9A693796875E}"
EndProject
Project("{FAE04EC0-301F-11D3-BF4B-00C04F79EFBC}") = "EncuestasLib", "EncuestasLib\EncuestasLib.csproj", "{EF3F1983-63EF-4C38-B67B-0D4DA0C250E5}"
EndProject
Project("{FAE04EC0-301F-11D3-BF4B-00C04F79EFBC}") = "EncuestasForm", "EncuestasForm\EncuestasForm.csproj", "{1DC7AFE8-BA67-4D28-8BB3-F21D5138B1A0}"
EndProject
Global
	GlobalSection(SolutionConfigurationPlatforms) = preSolution
		Debug|Any CPU = Debug|Any CPU
		Release|Any CPU = Release|Any CPU
	EndGlobalSection
	GlobalSection(ProjectConfigurationPlatforms) = postSolution
		{C34AC50C-A46F-4559-8A80-9A693796875E}.Debug|Any CPU.ActiveCfg = Debug|Any CPU
		{C34AC50C-A46F-4559-8A80-9A693796875E}.Debug|Any CPU.Build.0 = Debug|Any CPU
		{C34AC50C-A46F-4559-8A80-9A693796875E}.Release|Any CPU.ActiveCfg = Release|Any CPU
		{C34AC50C-A46F-4559-8A80-9A693796875E}.Release|Any CPU.Build.0 = Release|Any CPU
		{EF3F1983-63EF-4C38-B67B-0D4DA0C250E5}.Debug|Any CPU.ActiveCfg = Debug|Any CPU
		{EF3F1983-63EF-4C38-B67B-0D4DA0C250E5}.Debug|Any CPU.Build.0 = Debug|Any CPU
		{EF3F1983-63EF-4C38-B67B-0D4DA0C250E5}.Release|Any CPU.ActiveCfg = Release|Any CPU
		{EF3F1983-63EF-4C38-B67B-0D4DA0C250E5}.Release|Any CPU.Build.0 = Release|Any CPU
		{1DC7AFE8-BA67-4D28-8BB3-F21D5138B1A0}.Debug|Any CPU.ActiveCfg = Debug|Any CPU
		{1DC7AFE8-BA67-4D28-8BB3-F21D5138B1A0}.Debug|Any CPU.Build.0 = Debug|Any CPU
		{1DC7AFE8-BA67-4D28-8BB3-F21D5138B1A0}.Release|Any CPU.ActiveCfg = Release|Any CPU
		{1DC7AFE8-BA67-4D28-8BB3-F21D5138B1A0}.Release|Any CPU.Build.0 = Release|Any CPU
	EndGlobalSection
	GlobalSection(SolutionProperties) = preSolution
		HideSolutionNode = FALSE
	EndGlobalSection
	GlobalSection(ExtensibilityGlobals) = postSolution
		SolutionGuid = {D061348B-7FA8-4E2F-B415-8EE7DF220359}
	EndGlobalSection
EndGlobal
